
Microsoft Visual Studio Solution File, Format Version 12.00
# Visual Studio Version 17
VisualStudioVersion = 17.9.34723.18
MinimumVisualStudioVersion = 10.0.40219.1
Project("{FAE04EC0-301F-11D3-BF4B-00C04F79EFBC}") = "WindowsFormsApp3", "WindowsFormsApp3\WindowsFormsApp3.csproj", "{01ABD635-6A0A-4705-B7D8-67522DD4E461}"
EndProject
Global
	GlobalSection(SolutionConfigurationPlatforms) = preSolution
		Debug|Any CPU = Debug|Any CPU
		Release|Any CPU = Release|Any CPU
	EndGlobalSection
	GlobalSection(ProjectConfigurationPlatforms) = postSolution
		{01ABD635-6A0A-4705-B7D8-67522DD4E461}.Debug|Any CPU.ActiveCfg = Debug|Any CPU
		{01ABD635-6A0A-4705-B7D8-67522DD4E461}.Debug|Any CPU.Build.0 = Debug|Any CPU
		{01ABD635-6A0A-4705-B7D8-67522DD4E461}.Release|Any CPU.ActiveCfg = Release|Any CPU
		{01ABD635-6A0A-4705-B7D8-67522DD4E461}.Release|Any CPU.Build.0 = Release|Any CPU
	EndGlobalSection
	GlobalSection(SolutionProperties) = preSolution
		HideSolutionNode = FALSE
	EndGlobalSection
	GlobalSection(ExtensibilityGlobals) = postSolution
		SolutionGuid = {5D566B24-D6E7-4F06-9573-A073BDC48BC5}
	EndGlobalSection
EndGlobal
